
Microsoft Visual Studio Solution File, Format Version 12.00
# Visual Studio Version 16
VisualStudioVersion = 16.0.32510.428
MinimumVisualStudioVersion = 10.0.40219.1
Project("{FAE04EC0-301F-11D3-BF4B-00C04F79EFBC}") = "Session4", "Session4\Session4.csproj", "{51C44F2D-ABC2-4A3D-9698-B84B2D50B839}"
EndProject
Global
	GlobalSection(SolutionConfigurationPlatforms) = preSolution
		Debug|Any CPU = Debug|Any CPU
		Release|Any CPU = Release|Any CPU
	EndGlobalSection
	GlobalSection(ProjectConfigurationPlatforms) = postSolution
		{51C44F2D-ABC2-4A3D-9698-B84B2D50B839}.Debug|Any CPU.ActiveCfg = Debug|Any CPU
		{51C44F2D-ABC2-4A3D-9698-B84B2D50B839}.Debug|Any CPU.Build.0 = Debug|Any CPU
		{51C44F2D-ABC2-4A3D-9698-B84B2D50B839}.Release|Any CPU.ActiveCfg = Release|Any CPU
		{51C44F2D-ABC2-4A3D-9698-B84B2D50B839}.Release|Any CPU.Build.0 = Release|Any CPU
	EndGlobalSection
	GlobalSection(SolutionProperties) = preSolution
		HideSolutionNode = FALSE
	EndGlobalSection
	GlobalSection(ExtensibilityGlobals) = postSolution
		SolutionGuid = {E7079F31-AD5C-4C08-A2E5-254F1FC141CA}
	EndGlobalSection
EndGlobal
